// !$*UTF8*$!
{
	archiveVersion = 1;
	classes = {
	};
	objectVersion = 51;
	objects = {

/* Begin PBXBuildFile section */
		4300C958FEAED5600AE0340A /* Pods_Filmikus.framework in Frameworks */ = {isa = PBXBuildFile; fileRef = A0E906518A08B8A3AA08FC87 /* Pods_Filmikus.framework */; };
		491C218A24641393007CDEC2 /* AppDelegate.swift in Sources */ = {isa = PBXBuildFile; fileRef = 491C218924641393007CDEC2 /* AppDelegate.swift */; };
		491C219324641395007CDEC2 /* Assets.xcassets in Resources */ = {isa = PBXBuildFile; fileRef = 491C219224641395007CDEC2 /* Assets.xcassets */; };
		491C219624641395007CDEC2 /* LaunchScreen.storyboard in Resources */ = {isa = PBXBuildFile; fileRef = 491C219424641395007CDEC2 /* LaunchScreen.storyboard */; };
		491C21AA24641ADD007CDEC2 /* TabBarController.swift in Sources */ = {isa = PBXBuildFile; fileRef = 491C21A924641ADD007CDEC2 /* TabBarController.swift */; };
		491C21AE24641D61007CDEC2 /* MainViewController.swift in Sources */ = {isa = PBXBuildFile; fileRef = 491C21AD24641D61007CDEC2 /* MainViewController.swift */; };
		491C21B024641E94007CDEC2 /* CategoriesViewController.swift in Sources */ = {isa = PBXBuildFile; fileRef = 491C21AF24641E94007CDEC2 /* CategoriesViewController.swift */; };
		491C21B3246423E0007CDEC2 /* Category.swift in Sources */ = {isa = PBXBuildFile; fileRef = 491C21B2246423E0007CDEC2 /* Category.swift */; };
		491C21B5246423F2007CDEC2 /* Film.swift in Sources */ = {isa = PBXBuildFile; fileRef = 491C21B4246423F2007CDEC2 /* Film.swift */; };
		491C21B72464240D007CDEC2 /* Censorship.swift in Sources */ = {isa = PBXBuildFile; fileRef = 491C21B62464240D007CDEC2 /* Censorship.swift */; };
		491C21BC246424A8007CDEC2 /* CategoryTableViewCell.swift in Sources */ = {isa = PBXBuildFile; fileRef = 491C21BB246424A8007CDEC2 /* CategoryTableViewCell.swift */; };
		491C21BE246424F4007CDEC2 /* UITableView+Reusable.swift in Sources */ = {isa = PBXBuildFile; fileRef = 491C21BD246424F4007CDEC2 /* UITableView+Reusable.swift */; };
		491C21C024642506007CDEC2 /* UICollectionView+Reusable.swift in Sources */ = {isa = PBXBuildFile; fileRef = 491C21BF24642506007CDEC2 /* UICollectionView+Reusable.swift */; };
/* End PBXBuildFile section */

/* Begin PBXFileReference section */
		2CB43A7752A6743CCCD2C37C /* Pods-Filmikus.debug.xcconfig */ = {isa = PBXFileReference; includeInIndex = 1; lastKnownFileType = text.xcconfig; name = "Pods-Filmikus.debug.xcconfig"; path = "Target Support Files/Pods-Filmikus/Pods-Filmikus.debug.xcconfig"; sourceTree = "<group>"; };
		491C218624641393007CDEC2 /* Filmikus.app */ = {isa = PBXFileReference; explicitFileType = wrapper.application; includeInIndex = 0; path = Filmikus.app; sourceTree = BUILT_PRODUCTS_DIR; };
		491C218924641393007CDEC2 /* AppDelegate.swift */ = {isa = PBXFileReference; lastKnownFileType = sourcecode.swift; path = AppDelegate.swift; sourceTree = "<group>"; };
		491C219224641395007CDEC2 /* Assets.xcassets */ = {isa = PBXFileReference; lastKnownFileType = folder.assetcatalog; path = Assets.xcassets; sourceTree = "<group>"; };
		491C219524641395007CDEC2 /* Base */ = {isa = PBXFileReference; lastKnownFileType = file.storyboard; name = Base; path = Base.lproj/LaunchScreen.storyboard; sourceTree = "<group>"; };
		491C219724641395007CDEC2 /* Info.plist */ = {isa = PBXFileReference; lastKnownFileType = text.plist.xml; path = Info.plist; sourceTree = "<group>"; };
		491C21A924641ADD007CDEC2 /* TabBarController.swift */ = {isa = PBXFileReference; lastKnownFileType = sourcecode.swift; path = TabBarController.swift; sourceTree = "<group>"; };
		491C21AD24641D61007CDEC2 /* MainViewController.swift */ = {isa = PBXFileReference; lastKnownFileType = sourcecode.swift; path = MainViewController.swift; sourceTree = "<group>"; };
		491C21AF24641E94007CDEC2 /* CategoriesViewController.swift */ = {isa = PBXFileReference; lastKnownFileType = sourcecode.swift; path = CategoriesViewController.swift; sourceTree = "<group>"; };
		491C21B2246423E0007CDEC2 /* Category.swift */ = {isa = PBXFileReference; lastKnownFileType = sourcecode.swift; path = Category.swift; sourceTree = "<group>"; };
		491C21B4246423F2007CDEC2 /* Film.swift */ = {isa = PBXFileReference; lastKnownFileType = sourcecode.swift; path = Film.swift; sourceTree = "<group>"; };
		491C21B62464240D007CDEC2 /* Censorship.swift */ = {isa = PBXFileReference; lastKnownFileType = sourcecode.swift; path = Censorship.swift; sourceTree = "<group>"; };
		491C21BB246424A8007CDEC2 /* CategoryTableViewCell.swift */ = {isa = PBXFileReference; lastKnownFileType = sourcecode.swift; path = CategoryTableViewCell.swift; sourceTree = "<group>"; };
		491C21BD246424F4007CDEC2 /* UITableView+Reusable.swift */ = {isa = PBXFileReference; lastKnownFileType = sourcecode.swift; path = "UITableView+Reusable.swift"; sourceTree = "<group>"; };
		491C21BF24642506007CDEC2 /* UICollectionView+Reusable.swift */ = {isa = PBXFileReference; lastKnownFileType = sourcecode.swift; path = "UICollectionView+Reusable.swift"; sourceTree = "<group>"; };
		910D8458524217E7FCF8A076 /* Pods-Filmikus.release.xcconfig */ = {isa = PBXFileReference; includeInIndex = 1; lastKnownFileType = text.xcconfig; name = "Pods-Filmikus.release.xcconfig"; path = "Target Support Files/Pods-Filmikus/Pods-Filmikus.release.xcconfig"; sourceTree = "<group>"; };
		A0E906518A08B8A3AA08FC87 /* Pods_Filmikus.framework */ = {isa = PBXFileReference; explicitFileType = wrapper.framework; includeInIndex = 0; path = Pods_Filmikus.framework; sourceTree = BUILT_PRODUCTS_DIR; };
/* End PBXFileReference section */

/* Begin PBXFrameworksBuildPhase section */
		491C218324641393007CDEC2 /* Frameworks */ = {
			isa = PBXFrameworksBuildPhase;
			buildActionMask = 2147483647;
			files = (
				4300C958FEAED5600AE0340A /* Pods_Filmikus.framework in Frameworks */,
			);
			runOnlyForDeploymentPostprocessing = 0;
		};
/* End PBXFrameworksBuildPhase section */

/* Begin PBXGroup section */
		104B766D29690F20DFF8145F /* Pods */ = {
			isa = PBXGroup;
			children = (
				2CB43A7752A6743CCCD2C37C /* Pods-Filmikus.debug.xcconfig */,
				910D8458524217E7FCF8A076 /* Pods-Filmikus.release.xcconfig */,
			);
			path = Pods;
			sourceTree = "<group>";
		};
		30E72FD0F07108F8BF24CD4E /* Frameworks */ = {
			isa = PBXGroup;
			children = (
				A0E906518A08B8A3AA08FC87 /* Pods_Filmikus.framework */,
			);
			name = Frameworks;
			sourceTree = "<group>";
		};
		491C217D24641393007CDEC2 = {
			isa = PBXGroup;
			children = (
				491C218824641393007CDEC2 /* Filmikus */,
				491C218724641393007CDEC2 /* Products */,
				104B766D29690F20DFF8145F /* Pods */,
				30E72FD0F07108F8BF24CD4E /* Frameworks */,
			);
			sourceTree = "<group>";
		};
		491C218724641393007CDEC2 /* Products */ = {
			isa = PBXGroup;
			children = (
				491C218624641393007CDEC2 /* Filmikus.app */,
			);
			name = Products;
			sourceTree = "<group>";
		};
		491C218824641393007CDEC2 /* Filmikus */ = {
			isa = PBXGroup;
			children = (
				491C21A4246416D7007CDEC2 /* DataAccess */,
				491C21A3246416D1007CDEC2 /* BusinessLogic */,
				491C21A2246416B9007CDEC2 /* UserInterface */,
				491C218924641393007CDEC2 /* AppDelegate.swift */,
				491C219224641395007CDEC2 /* Assets.xcassets */,
				491C219424641395007CDEC2 /* LaunchScreen.storyboard */,
				491C219724641395007CDEC2 /* Info.plist */,
			);
			path = Filmikus;
			sourceTree = "<group>";
		};
		491C21A2246416B9007CDEC2 /* UserInterface */ = {
			isa = PBXGroup;
			children = (
				491C21A724641A05007CDEC2 /* Extensions */,
				491C21A824641A16007CDEC2 /* Scenes */,
			);
			path = UserInterface;
			sourceTree = "<group>";
		};
		491C21A3246416D1007CDEC2 /* BusinessLogic */ = {
			isa = PBXGroup;
			children = (
				491C21A6246418B9007CDEC2 /* Services */,
				491C21A5246418AE007CDEC2 /* Entities */,
			);
			path = BusinessLogic;
			sourceTree = "<group>";
		};
		491C21A4246416D7007CDEC2 /* DataAccess */ = {
			isa = PBXGroup;
			children = (
			);
			path = DataAccess;
			sourceTree = "<group>";
		};
		491C21A5246418AE007CDEC2 /* Entities */ = {
			isa = PBXGroup;
			children = (
			);
			path = Entities;
			sourceTree = "<group>";
		};
		491C21A6246418B9007CDEC2 /* Services */ = {
			isa = PBXGroup;
			children = (
			);
			path = Services;
			sourceTree = "<group>";
		};
		491C21A724641A05007CDEC2 /* Extensions */ = {
			isa = PBXGroup;
			children = (
				491C21BD246424F4007CDEC2 /* UITableView+Reusable.swift */,
				491C21BF24642506007CDEC2 /* UICollectionView+Reusable.swift */,
			);
			path = Extensions;
			sourceTree = "<group>";
		};
		491C21A824641A16007CDEC2 /* Scenes */ = {
			isa = PBXGroup;
			children = (
				491C21AC24641D51007CDEC2 /* Main */,
				491C21AB24641B3A007CDEC2 /* Reusable */,
				491C21A924641ADD007CDEC2 /* TabBarController.swift */,
			);
			path = Scenes;
			sourceTree = "<group>";
		};
		491C21AB24641B3A007CDEC2 /* Reusable */ = {
			isa = PBXGroup;
			children = (
			);
			path = Reusable;
			sourceTree = "<group>";
		};
		491C21AC24641D51007CDEC2 /* Main */ = {
			isa = PBXGroup;
			children = (
				491C21B824642475007CDEC2 /* Cells */,
				491C21B1246423CB007CDEC2 /* ViewModels */,
				491C21AD24641D61007CDEC2 /* MainViewController.swift */,
				491C21AF24641E94007CDEC2 /* CategoriesViewController.swift */,
			);
			path = Main;
			sourceTree = "<group>";
		};
		491C21B1246423CB007CDEC2 /* ViewModels */ = {
			isa = PBXGroup;
			children = (
				491C21B2246423E0007CDEC2 /* Category.swift */,
				491C21B4246423F2007CDEC2 /* Film.swift */,
				491C21B62464240D007CDEC2 /* Censorship.swift */,
			);
			path = ViewModels;
			sourceTree = "<group>";
		};
		491C21B824642475007CDEC2 /* Cells */ = {
			isa = PBXGroup;
			children = (
				491C21BB246424A8007CDEC2 /* CategoryTableViewCell.swift */,
			);
			path = Cells;
			sourceTree = "<group>";
		};
/* End PBXGroup section */

/* Begin PBXNativeTarget section */
		491C218524641393007CDEC2 /* Filmikus */ = {
			isa = PBXNativeTarget;
			buildConfigurationList = 491C219A24641395007CDEC2 /* Build configuration list for PBXNativeTarget "Filmikus" */;
			buildPhases = (
				1A22BC20B13A32168ED34711 /* [CP] Check Pods Manifest.lock */,
				491C218224641393007CDEC2 /* Sources */,
				491C218324641393007CDEC2 /* Frameworks */,
				491C218424641393007CDEC2 /* Resources */,
				586B323ADE7FECDB8D98F653 /* [CP] Embed Pods Frameworks */,
			);
			buildRules = (
			);
			dependencies = (
			);
			name = Filmikus;
			productName = Filmikus;
			productReference = 491C218624641393007CDEC2 /* Filmikus.app */;
			productType = "com.apple.product-type.application";
		};
/* End PBXNativeTarget section */

/* Begin PBXProject section */
		491C217E24641393007CDEC2 /* Project object */ = {
			isa = PBXProject;
			attributes = {
				LastSwiftUpdateCheck = 1140;
				LastUpgradeCheck = 1140;
				ORGANIZATIONNAME = "Андрей Козлов";
				TargetAttributes = {
					491C218524641393007CDEC2 = {
						CreatedOnToolsVersion = 11.4.1;
					};
				};
			};
			buildConfigurationList = 491C218124641393007CDEC2 /* Build configuration list for PBXProject "Filmikus" */;
			compatibilityVersion = "Xcode 9.3";
			developmentRegion = en;
			hasScannedForEncodings = 0;
			knownRegions = (
				en,
				Base,
			);
			mainGroup = 491C217D24641393007CDEC2;
			productRefGroup = 491C218724641393007CDEC2 /* Products */;
			projectDirPath = "";
			projectRoot = "";
			targets = (
				491C218524641393007CDEC2 /* Filmikus */,
			);
		};
/* End PBXProject section */

/* Begin PBXResourcesBuildPhase section */
		491C218424641393007CDEC2 /* Resources */ = {
			isa = PBXResourcesBuildPhase;
			buildActionMask = 2147483647;
			files = (
				491C219624641395007CDEC2 /* LaunchScreen.storyboard in Resources */,
				491C219324641395007CDEC2 /* Assets.xcassets in Resources */,
			);
			runOnlyForDeploymentPostprocessing = 0;
		};
/* End PBXResourcesBuildPhase section */

/* Begin PBXShellScriptBuildPhase section */
		1A22BC20B13A32168ED34711 /* [CP] Check Pods Manifest.lock */ = {
			isa = PBXShellScriptBuildPhase;
			buildActionMask = 2147483647;
			files = (
			);
			inputFileListPaths = (
			);
			inputPaths = (
				"${PODS_PODFILE_DIR_PATH}/Podfile.lock",
				"${PODS_ROOT}/Manifest.lock",
			);
			name = "[CP] Check Pods Manifest.lock";
			outputFileListPaths = (
			);
			outputPaths = (
				"$(DERIVED_FILE_DIR)/Pods-Filmikus-checkManifestLockResult.txt",
			);
			runOnlyForDeploymentPostprocessing = 0;
			shellPath = /bin/sh;
			shellScript = "diff \"${PODS_PODFILE_DIR_PATH}/Podfile.lock\" \"${PODS_ROOT}/Manifest.lock\" > /dev/null\nif [ $? != 0 ] ; then\n    # print error to STDERR\n    echo \"error: The sandbox is not in sync with the Podfile.lock. Run 'pod install' or update your CocoaPods installation.\" >&2\n    exit 1\nfi\n# This output is used by Xcode 'outputs' to avoid re-running this script phase.\necho \"SUCCESS\" > \"${SCRIPT_OUTPUT_FILE_0}\"\n";
			showEnvVarsInLog = 0;
		};
		586B323ADE7FECDB8D98F653 /* [CP] Embed Pods Frameworks */ = {
			isa = PBXShellScriptBuildPhase;
			buildActionMask = 2147483647;
			files = (
			);
			inputFileListPaths = (
				"${PODS_ROOT}/Target Support Files/Pods-Filmikus/Pods-Filmikus-frameworks-${CONFIGURATION}-input-files.xcfilelist",
			);
			name = "[CP] Embed Pods Frameworks";
			outputFileListPaths = (
				"${PODS_ROOT}/Target Support Files/Pods-Filmikus/Pods-Filmikus-frameworks-${CONFIGURATION}-output-files.xcfilelist",
			);
			runOnlyForDeploymentPostprocessing = 0;
			shellPath = /bin/sh;
			shellScript = "\"${PODS_ROOT}/Target Support Files/Pods-Filmikus/Pods-Filmikus-frameworks.sh\"\n";
			showEnvVarsInLog = 0;
		};
/* End PBXShellScriptBuildPhase section */

/* Begin PBXSourcesBuildPhase section */
		491C218224641393007CDEC2 /* Sources */ = {
			isa = PBXSourcesBuildPhase;
			buildActionMask = 2147483647;
			files = (
				491C21AE24641D61007CDEC2 /* MainViewController.swift in Sources */,
				491C21B72464240D007CDEC2 /* Censorship.swift in Sources */,
				491C21B5246423F2007CDEC2 /* Film.swift in Sources */,
				491C21B3246423E0007CDEC2 /* Category.swift in Sources */,
				491C21BE246424F4007CDEC2 /* UITableView+Reusable.swift in Sources */,
				491C218A24641393007CDEC2 /* AppDelegate.swift in Sources */,
				491C21B024641E94007CDEC2 /* CategoriesViewController.swift in Sources */,
				491C21AA24641ADD007CDEC2 /* TabBarController.swift in Sources */,
				491C21BC246424A8007CDEC2 /* CategoryTableViewCell.swift in Sources */,
				491C21C024642506007CDEC2 /* UICollectionView+Reusable.swift in Sources */,
			);
			runOnlyForDeploymentPostprocessing = 0;
		};
/* End PBXSourcesBuildPhase section */

/* Begin PBXVariantGroup section */
		491C219424641395007CDEC2 /* LaunchScreen.storyboard */ = {
			isa = PBXVariantGroup;
			children = (
				491C219524641395007CDEC2 /* Base */,
			);
			name = LaunchScreen.storyboard;
			sourceTree = "<group>";
		};
/* End PBXVariantGroup section */

/* Begin XCBuildConfiguration section */
		491C219824641395007CDEC2 /* Debug */ = {
			isa = XCBuildConfiguration;
			buildSettings = {
				ALWAYS_SEARCH_USER_PATHS = NO;
				CLANG_ANALYZER_NONNULL = YES;
				CLANG_ANALYZER_NUMBER_OBJECT_CONVERSION = YES_AGGRESSIVE;
				CLANG_CXX_LANGUAGE_STANDARD = "gnu++14";
				CLANG_CXX_LIBRARY = "libc++";
				CLANG_ENABLE_MODULES = YES;
				CLANG_ENABLE_OBJC_ARC = YES;
				CLANG_ENABLE_OBJC_WEAK = YES;
				CLANG_WARN_BLOCK_CAPTURE_AUTORELEASING = YES;
				CLANG_WARN_BOOL_CONVERSION = YES;
				CLANG_WARN_COMMA = YES;
				CLANG_WARN_CONSTANT_CONVERSION = YES;
				CLANG_WARN_DEPRECATED_OBJC_IMPLEMENTATIONS = YES;
				CLANG_WARN_DIRECT_OBJC_ISA_USAGE = YES_ERROR;
				CLANG_WARN_DOCUMENTATION_COMMENTS = YES;
				CLANG_WARN_EMPTY_BODY = YES;
				CLANG_WARN_ENUM_CONVERSION = YES;
				CLANG_WARN_INFINITE_RECURSION = YES;
				CLANG_WARN_INT_CONVERSION = YES;
				CLANG_WARN_NON_LITERAL_NULL_CONVERSION = YES;
				CLANG_WARN_OBJC_IMPLICIT_RETAIN_SELF = YES;
				CLANG_WARN_OBJC_LITERAL_CONVERSION = YES;
				CLANG_WARN_OBJC_ROOT_CLASS = YES_ERROR;
				CLANG_WARN_RANGE_LOOP_ANALYSIS = YES;
				CLANG_WARN_STRICT_PROTOTYPES = YES;
				CLANG_WARN_SUSPICIOUS_MOVE = YES;
				CLANG_WARN_UNGUARDED_AVAILABILITY = YES_AGGRESSIVE;
				CLANG_WARN_UNREACHABLE_CODE = YES;
				CLANG_WARN__DUPLICATE_METHOD_MATCH = YES;
				COPY_PHASE_STRIP = NO;
				DEBUG_INFORMATION_FORMAT = dwarf;
				ENABLE_STRICT_OBJC_MSGSEND = YES;
				ENABLE_TESTABILITY = YES;
				GCC_C_LANGUAGE_STANDARD = gnu11;
				GCC_DYNAMIC_NO_PIC = NO;
				GCC_NO_COMMON_BLOCKS = YES;
				GCC_OPTIMIZATION_LEVEL = 0;
				GCC_PREPROCESSOR_DEFINITIONS = (
					"DEBUG=1",
					"$(inherited)",
				);
				GCC_WARN_64_TO_32_BIT_CONVERSION = YES;
				GCC_WARN_ABOUT_RETURN_TYPE = YES_ERROR;
				GCC_WARN_UNDECLARED_SELECTOR = YES;
				GCC_WARN_UNINITIALIZED_AUTOS = YES_AGGRESSIVE;
				GCC_WARN_UNUSED_FUNCTION = YES;
				GCC_WARN_UNUSED_VARIABLE = YES;
				IPHONEOS_DEPLOYMENT_TARGET = 13.0;
				MTL_ENABLE_DEBUG_INFO = INCLUDE_SOURCE;
				MTL_FAST_MATH = YES;
				ONLY_ACTIVE_ARCH = YES;
				SDKROOT = iphoneos;
				SWIFT_ACTIVE_COMPILATION_CONDITIONS = DEBUG;
				SWIFT_OPTIMIZATION_LEVEL = "-Onone";
			};
			name = Debug;
		};
		491C219924641395007CDEC2 /* Release */ = {
			isa = XCBuildConfiguration;
			buildSettings = {
				ALWAYS_SEARCH_USER_PATHS = NO;
				CLANG_ANALYZER_NONNULL = YES;
				CLANG_ANALYZER_NUMBER_OBJECT_CONVERSION = YES_AGGRESSIVE;
				CLANG_CXX_LANGUAGE_STANDARD = "gnu++14";
				CLANG_CXX_LIBRARY = "libc++";
				CLANG_ENABLE_MODULES = YES;
				CLANG_ENABLE_OBJC_ARC = YES;
				CLANG_ENABLE_OBJC_WEAK = YES;
				CLANG_WARN_BLOCK_CAPTURE_AUTORELEASING = YES;
				CLANG_WARN_BOOL_CONVERSION = YES;
				CLANG_WARN_COMMA = YES;
				CLANG_WARN_CONSTANT_CONVERSION = YES;
				CLANG_WARN_DEPRECATED_OBJC_IMPLEMENTATIONS = YES;
				CLANG_WARN_DIRECT_OBJC_ISA_USAGE = YES_ERROR;
				CLANG_WARN_DOCUMENTATION_COMMENTS = YES;
				CLANG_WARN_EMPTY_BODY = YES;
				CLANG_WARN_ENUM_CONVERSION = YES;
				CLANG_WARN_INFINITE_RECURSION = YES;
				CLANG_WARN_INT_CONVERSION = YES;
				CLANG_WARN_NON_LITERAL_NULL_CONVERSION = YES;
				CLANG_WARN_OBJC_IMPLICIT_RETAIN_SELF = YES;
				CLANG_WARN_OBJC_LITERAL_CONVERSION = YES;
				CLANG_WARN_OBJC_ROOT_CLASS = YES_ERROR;
				CLANG_WARN_RANGE_LOOP_ANALYSIS = YES;
				CLANG_WARN_STRICT_PROTOTYPES = YES;
				CLANG_WARN_SUSPICIOUS_MOVE = YES;
				CLANG_WARN_UNGUARDED_AVAILABILITY = YES_AGGRESSIVE;
				CLANG_WARN_UNREACHABLE_CODE = YES;
				CLANG_WARN__DUPLICATE_METHOD_MATCH = YES;
				COPY_PHASE_STRIP = NO;
				DEBUG_INFORMATION_FORMAT = "dwarf-with-dsym";
				ENABLE_NS_ASSERTIONS = NO;
				ENABLE_STRICT_OBJC_MSGSEND = YES;
				GCC_C_LANGUAGE_STANDARD = gnu11;
				GCC_NO_COMMON_BLOCKS = YES;
				GCC_WARN_64_TO_32_BIT_CONVERSION = YES;
				GCC_WARN_ABOUT_RETURN_TYPE = YES_ERROR;
				GCC_WARN_UNDECLARED_SELECTOR = YES;
				GCC_WARN_UNINITIALIZED_AUTOS = YES_AGGRESSIVE;
				GCC_WARN_UNUSED_FUNCTION = YES;
				GCC_WARN_UNUSED_VARIABLE = YES;
				IPHONEOS_DEPLOYMENT_TARGET = 13.0;
				MTL_ENABLE_DEBUG_INFO = NO;
				MTL_FAST_MATH = YES;
				SDKROOT = iphoneos;
				SWIFT_COMPILATION_MODE = wholemodule;
				SWIFT_OPTIMIZATION_LEVEL = "-O";
				VALIDATE_PRODUCT = YES;
			};
			name = Release;
		};
		491C219B24641395007CDEC2 /* Debug */ = {
			isa = XCBuildConfiguration;
			baseConfigurationReference = 2CB43A7752A6743CCCD2C37C /* Pods-Filmikus.debug.xcconfig */;
			buildSettings = {
				ASSETCATALOG_COMPILER_APPICON_NAME = AppIcon;
				CODE_SIGN_STYLE = Automatic;
				DEVELOPMENT_TEAM = 4GG5Y2R22P;
				INFOPLIST_FILE = Filmikus/Info.plist;
				LD_RUNPATH_SEARCH_PATHS = (
					"$(inherited)",
					"@executable_path/Frameworks",
				);
				PRODUCT_BUNDLE_IDENTIFIER = "com.UniversityTimetable-SwiftUI.Filmikus";
				PRODUCT_NAME = "$(TARGET_NAME)";
				SWIFT_VERSION = 5.0;
				TARGETED_DEVICE_FAMILY = "1,2";
			};
			name = Debug;
		};
		491C219C24641395007CDEC2 /* Release */ = {
			isa = XCBuildConfiguration;
			baseConfigurationReference = 910D8458524217E7FCF8A076 /* Pods-Filmikus.release.xcconfig */;
			buildSettings = {
				ASSETCATALOG_COMPILER_APPICON_NAME = AppIcon;
				CODE_SIGN_STYLE = Automatic;
				DEVELOPMENT_TEAM = 4GG5Y2R22P;
				INFOPLIST_FILE = Filmikus/Info.plist;
				LD_RUNPATH_SEARCH_PATHS = (
					"$(inherited)",
					"@executable_path/Frameworks",
				);
				PRODUCT_BUNDLE_IDENTIFIER = "com.UniversityTimetable-SwiftUI.Filmikus";
				PRODUCT_NAME = "$(TARGET_NAME)";
				SWIFT_VERSION = 5.0;
				TARGETED_DEVICE_FAMILY = "1,2";
			};
			name = Release;
		};
/* End XCBuildConfiguration section */

/* Begin XCConfigurationList section */
		491C218124641393007CDEC2 /* Build configuration list for PBXProject "Filmikus" */ = {
			isa = XCConfigurationList;
			buildConfigurations = (
				491C219824641395007CDEC2 /* Debug */,
				491C219924641395007CDEC2 /* Release */,
			);
			defaultConfigurationIsVisible = 0;
			defaultConfigurationName = Release;
		};
		491C219A24641395007CDEC2 /* Build configuration list for PBXNativeTarget "Filmikus" */ = {
			isa = XCConfigurationList;
			buildConfigurations = (
				491C219B24641395007CDEC2 /* Debug */,
				491C219C24641395007CDEC2 /* Release */,
			);
			defaultConfigurationIsVisible = 0;
			defaultConfigurationName = Release;
		};
/* End XCConfigurationList section */
	};
	rootObject = 491C217E24641393007CDEC2 /* Project object */;
}
